
Microsoft Visual Studio Solution File, Format Version 12.00
# Visual Studio Version 18
VisualStudioVersion = 18.5.11723.231
MinimumVisualStudioVersion = 10.0.40219.1
Project("{9A19103F-16F7-4668-BE54-9A1E7A4F7556}") = "MyHomePage", "MyHomePage.csproj", "{877F2654-89A8-47C6-8789-650B731F3BE7}"
EndProject
Project("{FAE04EC0-301F-11D3-BF4B-00C04F79EFBC}") = "MyHomePage.Tests", "MyHomePage.Tests\MyHomePage.Tests.csproj", "{94D277F3-9849-4491-89BC-5CBFBCDB1008}"
EndProject
Global
	GlobalSection(SolutionConfigurationPlatforms) = preSolution
		Debug|Any CPU = Debug|Any CPU
		Debug|x64 = Debug|x64
		Debug|x86 = Debug|x86
		Release|Any CPU = Release|Any CPU
		Release|x64 = Release|x64
		Release|x86 = Release|x86
	EndGlobalSection
	GlobalSection(ProjectConfigurationPlatforms) = postSolution
		{877F2654-89A8-47C6-8789-650B731F3BE7}.Debug|Any CPU.ActiveCfg = Debug|Any CPU
		{877F2654-89A8-47C6-8789-650B731F3BE7}.Debug|Any CPU.Build.0 = Debug|Any CPU
		{877F2654-89A8-47C6-8789-650B731F3BE7}.Debug|x64.ActiveCfg = Debug|Any CPU
		{877F2654-89A8-47C6-8789-650B731F3BE7}.Debug|x64.Build.0 = Debug|Any CPU
		{877F2654-89A8-47C6-8789-650B731F3BE7}.Debug|x86.ActiveCfg = Debug|Any CPU
		{877F2654-89A8-47C6-8789-650B731F3BE7}.Debug|x86.Build.0 = Debug|Any CPU
		{877F2654-89A8-47C6-8789-650B731F3BE7}.Release|Any CPU.ActiveCfg = Release|Any CPU
		{877F2654-89A8-47C6-8789-650B731F3BE7}.Release|Any CPU.Build.0 = Release|Any CPU
		{877F2654-89A8-47C6-8789-650B731F3BE7}.Release|x64.ActiveCfg = Release|Any CPU
		{877F2654-89A8-47C6-8789-650B731F3BE7}.Release|x64.Build.0 = Release|Any CPU
		{877F2654-89A8-47C6-8789-650B731F3BE7}.Release|x86.ActiveCfg = Release|Any CPU
		{877F2654-89A8-47C6-8789-650B731F3BE7}.Release|x86.Build.0 = Release|Any CPU
		{94D277F3-9849-4491-89BC-5CBFBCDB1008}.Debug|Any CPU.ActiveCfg = Debug|Any CPU
		{94D277F3-9849-4491-89BC-5CBFBCDB1008}.Debug|Any CPU.Build.0 = Debug|Any CPU
		{94D277F3-9849-4491-89BC-5CBFBCDB1008}.Debug|x64.ActiveCfg = Debug|Any CPU
		{94D277F3-9849-4491-89BC-5CBFBCDB1008}.Debug|x64.Build.0 = Debug|Any CPU
		{94D277F3-9849-4491-89BC-5CBFBCDB1008}.Debug|x86.ActiveCfg = Debug|Any CPU
		{94D277F3-9849-4491-89BC-5CBFBCDB1008}.Debug|x86.Build.0 = Debug|Any CPU
		{94D277F3-9849-4491-89BC-5CBFBCDB1008}.Release|Any CPU.ActiveCfg = Release|Any CPU
		{94D277F3-9849-4491-89BC-5CBFBCDB1008}.Release|Any CPU.Build.0 = Release|Any CPU
		{94D277F3-9849-4491-89BC-5CBFBCDB1008}.Release|x64.ActiveCfg = Release|Any CPU
		{94D277F3-9849-4491-89BC-5CBFBCDB1008}.Release|x64.Build.0 = Release|Any CPU
		{94D277F3-9849-4491-89BC-5CBFBCDB1008}.Release|x86.ActiveCfg = Release|Any CPU
		{94D277F3-9849-4491-89BC-5CBFBCDB1008}.Release|x86.Build.0 = Release|Any CPU
	EndGlobalSection
	GlobalSection(SolutionProperties) = preSolution
		HideSolutionNode = FALSE
	EndGlobalSection
	GlobalSection(ExtensibilityGlobals) = postSolution
		SolutionGuid = {579936B6-E6B7-4023-9932-9DE79F1DEF46}
	EndGlobalSection
EndGlobal
